
Microsoft Visual Studio Solution File, Format Version 12.00
# Visual Studio Version 16
VisualStudioVersion = 16.0.31624.102
MinimumVisualStudioVersion = 10.0.40219.1
Project("{9A19103F-16F7-4668-BE54-9A1E7A4F7556}") = "CursoMVC", "CursoMVC\CursoMVC.csproj", "{3748363D-6C63-4F5F-9C42-941AD53153FB}"
EndProject
Project("{9A19103F-16F7-4668-BE54-9A1E7A4F7556}") = "CursoAPI", "CursoAPI\CursoAPI.csproj", "{2AF41CA4-1BB2-4BF3-B811-A7280F704CF3}"
EndProject
Project("{FAE04EC0-301F-11D3-BF4B-00C04F79EFBC}") = "CursoTest", "CursoTest\CursoTest.csproj", "{F9EDA7E7-9C20-47F1-814E-835DE9F0FD80}"
EndProject
Global
	GlobalSection(SolutionConfigurationPlatforms) = preSolution
		Debug|Any CPU = Debug|Any CPU
		Release|Any CPU = Release|Any CPU
	EndGlobalSection
	GlobalSection(ProjectConfigurationPlatforms) = postSolution
		{3748363D-6C63-4F5F-9C42-941AD53153FB}.Debug|Any CPU.ActiveCfg = Debug|Any CPU
		{3748363D-6C63-4F5F-9C42-941AD53153FB}.Debug|Any CPU.Build.0 = Debug|Any CPU
		{3748363D-6C63-4F5F-9C42-941AD53153FB}.Release|Any CPU.ActiveCfg = Release|Any CPU
		{3748363D-6C63-4F5F-9C42-941AD53153FB}.Release|Any CPU.Build.0 = Release|Any CPU
		{2AF41CA4-1BB2-4BF3-B811-A7280F704CF3}.Debug|Any CPU.ActiveCfg = Debug|Any CPU
		{2AF41CA4-1BB2-4BF3-B811-A7280F704CF3}.Debug|Any CPU.Build.0 = Debug|Any CPU
		{2AF41CA4-1BB2-4BF3-B811-A7280F704CF3}.Release|Any CPU.ActiveCfg = Release|Any CPU
		{2AF41CA4-1BB2-4BF3-B811-A7280F704CF3}.Release|Any CPU.Build.0 = Release|Any CPU
		{F9EDA7E7-9C20-47F1-814E-835DE9F0FD80}.Debug|Any CPU.ActiveCfg = Debug|Any CPU
		{F9EDA7E7-9C20-47F1-814E-835DE9F0FD80}.Debug|Any CPU.Build.0 = Debug|Any CPU
		{F9EDA7E7-9C20-47F1-814E-835DE9F0FD80}.Release|Any CPU.ActiveCfg = Release|Any CPU
		{F9EDA7E7-9C20-47F1-814E-835DE9F0FD80}.Release|Any CPU.Build.0 = Release|Any CPU
	EndGlobalSection
	GlobalSection(SolutionProperties) = preSolution
		HideSolutionNode = FALSE
	EndGlobalSection
	GlobalSection(ExtensibilityGlobals) = postSolution
		SolutionGuid = {EE7B89C1-2B10-4DAB-BB64-4552C9BC47A2}
	EndGlobalSection
EndGlobal
