
Microsoft Visual Studio Solution File, Format Version 12.00
# Visual Studio Version 16
VisualStudioVersion = 16.0.31624.102
MinimumVisualStudioVersion = 10.0.40219.1
Project("{FAE04EC0-301F-11D3-BF4B-00C04F79EFBC}") = "CursoMVC", "CursoMVC\CursoMVC.csproj", "{3748363D-6C63-4F5F-9C42-941AD53153FB}"
EndProject
Global
	GlobalSection(SolutionConfigurationPlatforms) = preSolution
		Debug|Any CPU = Debug|Any CPU
		Release|Any CPU = Release|Any CPU
	EndGlobalSection
	GlobalSection(ProjectConfigurationPlatforms) = postSolution
		{3748363D-6C63-4F5F-9C42-941AD53153FB}.Debug|Any CPU.ActiveCfg = Debug|Any CPU
		{3748363D-6C63-4F5F-9C42-941AD53153FB}.Debug|Any CPU.Build.0 = Debug|Any CPU
		{3748363D-6C63-4F5F-9C42-941AD53153FB}.Release|Any CPU.ActiveCfg = Release|Any CPU
		{3748363D-6C63-4F5F-9C42-941AD53153FB}.Release|Any CPU.Build.0 = Release|Any CPU
	EndGlobalSection
	GlobalSection(SolutionProperties) = preSolution
		HideSolutionNode = FALSE
	EndGlobalSection
	GlobalSection(ExtensibilityGlobals) = postSolution
		SolutionGuid = {EE7B89C1-2B10-4DAB-BB64-4552C9BC47A2}
	EndGlobalSection
EndGlobal
